
Microsoft Visual Studio Solution File, Format Version 12.00
# Visual Studio Version 17
VisualStudioVersion = 17.5.002.0
MinimumVisualStudioVersion = 10.0.40219.1
Project("{2150E333-8FDC-42A3-9474-1A3956D46DE8}") = "package", "package", "{F30AC530-20DA-4262-97DD-795251425B34}"
EndProject
Project("{2150E333-8FDC-42A3-9474-1A3956D46DE8}") = "exercise1", "exercise1", "{A9B371DD-3773-4965-A5C5-654B6DC5F3B3}"
EndProject
Project("{9A19103F-16F7-4668-BE54-9A1E7A4F7556}") = "StargateApi.Tests", "package\exercise1\StargateApi.Tests\StargateApi.Tests.csproj", "{0808293A-6415-4792-85D9-AFBD17AF1AE0}"
EndProject
Project("{9A19103F-16F7-4668-BE54-9A1E7A4F7556}") = "StargateAPI", "package\exercise1\api\StargateAPI.csproj", "{D348E528-7A4A-45A4-83C3-A7B110BC99F6}"
EndProject
Global
	GlobalSection(SolutionConfigurationPlatforms) = preSolution
		Debug|Any CPU = Debug|Any CPU
		Release|Any CPU = Release|Any CPU
	EndGlobalSection
	GlobalSection(ProjectConfigurationPlatforms) = postSolution
		{0808293A-6415-4792-85D9-AFBD17AF1AE0}.Debug|Any CPU.ActiveCfg = Debug|Any CPU
		{0808293A-6415-4792-85D9-AFBD17AF1AE0}.Debug|Any CPU.Build.0 = Debug|Any CPU
		{0808293A-6415-4792-85D9-AFBD17AF1AE0}.Release|Any CPU.ActiveCfg = Release|Any CPU
		{0808293A-6415-4792-85D9-AFBD17AF1AE0}.Release|Any CPU.Build.0 = Release|Any CPU
		{D348E528-7A4A-45A4-83C3-A7B110BC99F6}.Debug|Any CPU.ActiveCfg = Debug|Any CPU
		{D348E528-7A4A-45A4-83C3-A7B110BC99F6}.Debug|Any CPU.Build.0 = Debug|Any CPU
		{D348E528-7A4A-45A4-83C3-A7B110BC99F6}.Release|Any CPU.ActiveCfg = Release|Any CPU
		{D348E528-7A4A-45A4-83C3-A7B110BC99F6}.Release|Any CPU.Build.0 = Release|Any CPU
	EndGlobalSection
	GlobalSection(SolutionProperties) = preSolution
		HideSolutionNode = FALSE
	EndGlobalSection
	GlobalSection(NestedProjects) = preSolution
		{A9B371DD-3773-4965-A5C5-654B6DC5F3B3} = {F30AC530-20DA-4262-97DD-795251425B34}
		{0808293A-6415-4792-85D9-AFBD17AF1AE0} = {A9B371DD-3773-4965-A5C5-654B6DC5F3B3}
		{D348E528-7A4A-45A4-83C3-A7B110BC99F6} = {A9B371DD-3773-4965-A5C5-654B6DC5F3B3}
	EndGlobalSection
	GlobalSection(ExtensibilityGlobals) = postSolution
		SolutionGuid = {F03BCA73-5A89-4357-8EA3-2956706D0374}
	EndGlobalSection
EndGlobal
